{
  "version": 1,
  "dependencies": {
    "net8.0-windows8.0": {
      "DalamudPackager": {
        "type": "Direct",
        "requested": "[2.1.12, )",
        "resolved": "2.1.12",
        "contentHash": "Sc0PVxvgg4NQjcI8n10/VfUQBAS4O+Fw2pZrAqBdRMbthYGeogzu5+xmIGCGmsEZ/ukMOBuAqiNiB5qA3MRalg=="
      },
      "NAudio": {
        "type": "Direct",
        "requested": "[2.1.0, )",
        "resolved": "2.1.0",
        "contentHash": "iamDtIq4Tcq6BDEMatX7Wj6KI7rscECS72ZejjnL9RK8BgfrVRH2RlhlQVNxXNp9Up1eFESEiCILNBo7//Rr0g==",
        "dependencies": {
          "NAudio.Asio": "2.1.0",
          "NAudio.Core": "2.1.0",
          "NAudio.Midi": "2.1.0",
          "NAudio.Wasapi": "2.1.0",
          "NAudio.WinForms": "2.1.0",
          "NAudio.WinMM": "2.1.0"
        }
      },
      "NAudio.Lame": {
        "type": "Direct",
        "requested": "[2.0.1, )",
        "resolved": "2.0.1",
        "contentHash": "MhVKOsKFCo9o/ghReT7x0dOKILPRN3crZjBP85vz02jfDeFPmSGXGdNIXN0FYIPDKH7irFcI9q0IeYlXQwJfaQ==",
        "dependencies": {
          "NAudio.Core": "2.0.0"
        }
      },
      "TinyIpc": {
        "type": "Direct",
        "requested": "[4.3.0, )",
        "resolved": "4.3.0",
        "contentHash": "LLuOSOadMoVnJWObcg920LxMFdctPAbQgFv+Ata3UAFwK6/T4Ek6ecyVEQZ0NBIZQsTeBvcKpnENuFcR9tgibg==",
        "dependencies": {
          "MessagePack": "2.5.140",
          "Microsoft.Extensions.DependencyInjection.Abstractions": "8.0.0",
          "Microsoft.Extensions.Logging.Abstractions": "8.0.0",
          "Microsoft.Extensions.Options": "8.0.0",
          "Microsoft.IO.RecyclableMemoryStream": "3.0.0"
        }
      },
      "ILRepack": {
        "type": "Transitive",
        "resolved": "2.0.18",
        "contentHash": "sR5Aj3JLDbA8JwESfWYfigSz5k1oNSHPN434W1LX8sboWJYEOSQP/KkvZGmJKPgajzSUKkl2jDar3LPZiMFU4Q=="
      },
      "MessagePack": {
        "type": "Transitive",
        "resolved": "2.5.140",
        "contentHash": "nkIsgy8BkIfv40bSz9XZb4q//scI1PF3AYeB5X66nSlIhBIqbdpLz8Qk3gHvnjV3RZglQLO/ityK3eNfLii2NA==",
        "dependencies": {
          "MessagePack.Annotations": "2.5.140",
          "Microsoft.NET.StringTools": "17.6.3",
          "System.Runtime.CompilerServices.Unsafe": "6.0.0"
        }
      },
      "MessagePack.Annotations": {
        "type": "Transitive",
        "resolved": "2.5.140",
        "contentHash": "JE3vwluOrsJ4t3hnfXzIxJUh6lhx6M/KR8Sark/HOUw1DJ5UKu5JsAnnuaQngg6poFkRx1lzHSLTkxHNJO7+uQ=="
      },
      "Microsoft.Extensions.DependencyInjection.Abstractions": {
        "type": "Transitive",
        "resolved": "8.0.0",
        "contentHash": "cjWrLkJXK0rs4zofsK4bSdg+jhDLTaxrkXu4gS6Y7MAlCvRyNNgwY/lJi5RDlQOnSZweHqoyvgvbdvQsRIW+hg=="
      },
      "Microsoft.Extensions.Logging.Abstractions": {
        "type": "Transitive",
        "resolved": "8.0.0",
        "contentHash": "arDBqTgFCyS0EvRV7O3MZturChstm50OJ0y9bDJvAcmEPJm0FFpFyjU/JLYyStNGGey081DvnQYlncNX5SJJGA==",
        "dependencies": {
          "Microsoft.Extensions.DependencyInjection.Abstractions": "8.0.0"
        }
      },
      "Microsoft.Extensions.Options": {
        "type": "Transitive",
        "resolved": "8.0.0",
        "contentHash": "JOVOfqpnqlVLUzINQ2fox8evY2SKLYJ3BV8QDe/Jyp21u1T7r45x/R/5QdteURMR5r01GxeJSBBUOCOyaNXA3g==",
        "dependencies": {
          "Microsoft.Extensions.DependencyInjection.Abstractions": "8.0.0",
          "Microsoft.Extensions.Primitives": "8.0.0"
        }
      },
      "Microsoft.Extensions.Primitives": {
        "type": "Transitive",
        "resolved": "8.0.0",
        "contentHash": "bXJEZrW9ny8vjMF1JV253WeLhpEVzFo1lyaZu1vQ4ZxWUlVvknZ/+ftFgVheLubb4eZPSwwxBeqS1JkCOjxd8g=="
      },
      "Microsoft.IO.RecyclableMemoryStream": {
        "type": "Transitive",
        "resolved": "3.0.0",
        "contentHash": "irv0HuqoH8Ig5i2fO+8dmDNdFdsrO+DoQcedwIlb810qpZHBNQHZLW7C/AHBQDgLLpw2T96vmMAy/aE4Yj55Sg=="
      },
      "Microsoft.NET.StringTools": {
        "type": "Transitive",
        "resolved": "17.6.3",
        "contentHash": "N0ZIanl1QCgvUumEL1laasU0a7sOE5ZwLZVTn0pAePnfhq8P7SvTjF8Axq+CnavuQkmdQpGNXQ1efZtu5kDFbA=="
      },
      "Microsoft.NETCore.Platforms": {
        "type": "Transitive",
        "resolved": "3.1.0",
        "contentHash": "z7aeg8oHln2CuNulfhiLYxCVMPEwBl3rzicjvIX+4sUuCwvXw5oXQEtbiU2c0z4qYL5L3Kmx0mMA/+t/SbY67w=="
      },
      "Microsoft.Win32.Registry": {
        "type": "Transitive",
        "resolved": "4.7.0",
        "contentHash": "KSrRMb5vNi0CWSGG1++id2ZOs/1QhRqROt+qgbEAdQuGjGrFcl4AOl4/exGPUYz2wUnU42nvJqon1T3U0kPXLA==",
        "dependencies": {
          "System.Security.AccessControl": "4.7.0",
          "System.Security.Principal.Windows": "4.7.0"
        }
      },
      "NAudio.Asio": {
        "type": "Transitive",
        "resolved": "2.1.0",
        "contentHash": "YMXffgqPTsQIjmXYyzLrXSpQZzC7ZH49mmdXaPW3o/5S+AhFKZeOrwUA2fkvphQdGhryObbZnPAq+u8uABkH5A==",
        "dependencies": {
          "Microsoft.Win32.Registry": "4.7.0",
          "NAudio.Core": "2.1.0"
        }
      },
      "NAudio.Core": {
        "type": "Transitive",
        "resolved": "2.1.0",
        "contentHash": "0iowfmolibU4KxjaC/s7lox/BeDg76UVvXtCuCzRiNpylVndqsxXxp+bVWFrpv0KzQDIKLxZrnDmYENlAI0u9g=="
      },
      "NAudio.Midi": {
        "type": "Transitive",
        "resolved": "2.1.0",
        "contentHash": "m2ZunnyZ1p7OoAMh1scHRVle+GiFuIRrzkcxZJREUFHje8O2hcMGya3ZAjD+dV2FTcrbqNQUc4kJy9LOTuydUw==",
        "dependencies": {
          "NAudio.Core": "2.1.0"
        }
      },
      "NAudio.Wasapi": {
        "type": "Transitive",
        "resolved": "2.1.0",
        "contentHash": "Zp/8l79aYQEu7/HfzXWVpqyIwRUPgsvCj/Qx+pR6ykJxvwjqOoUfMiEG9US1wW4d7PEzT5ZBIL+cp90t6HNNiw==",
        "dependencies": {
          "NAudio.Core": "2.1.0"
        }
      },
      "NAudio.WinForms": {
        "type": "Transitive",
        "resolved": "2.1.0",
        "contentHash": "yoGCLidMVQmg66dNuEYusY1bttZJ5gxvufxRYFgxIw444dw4C70YsDgLeDugPd0rdwkSCQq5CtrVw6DSmxTxPA==",
        "dependencies": {
          "NAudio.WinMM": "2.1.0"
        }
      },
      "NAudio.WinMM": {
        "type": "Transitive",
        "resolved": "2.1.0",
        "contentHash": "lUU5C+XNzKhFUIEafA/nJpbtjksFtbUd033fs27KeHlOM0r6rQFF3l75dqxg+rWkGu81MfkBbYrNpH9p8qmtBA==",
        "dependencies": {
          "Microsoft.Win32.Registry": "4.7.0",
          "NAudio.Core": "2.1.0"
        }
      },
      "Reloaded.Memory": {
        "type": "Transitive",
        "resolved": "7.1.0",
        "contentHash": "4Y5tCsRWdW/shj9W7RqJq37LStuW1VVtjxsBp4LKZilPcjudeQg9k+u+6fnDgacCEJiG3S2EtcaiNtVMTdaSnQ=="
      },
      "System.Runtime.CompilerServices.Unsafe": {
        "type": "Transitive",
        "resolved": "6.0.0",
        "contentHash": "/iUeP3tq1S0XdNNoMz5C9twLSrM/TH+qElHkXWaPvuNOt+99G75NrV0OS2EqHx5wMN7popYjpc8oTjC1y16DLg=="
      },
      "System.Security.AccessControl": {
        "type": "Transitive",
        "resolved": "4.7.0",
        "contentHash": "JECvTt5aFF3WT3gHpfofL2MNNP6v84sxtXxpqhLBCcDRzqsPBmHhQ6shv4DwwN2tRlzsUxtb3G9M3763rbXKDg==",
        "dependencies": {
          "Microsoft.NETCore.Platforms": "3.1.0",
          "System.Security.Principal.Windows": "4.7.0"
        }
      },
      "System.Security.Principal.Windows": {
        "type": "Transitive",
        "resolved": "4.7.0",
        "contentHash": "ojD0PX0XhneCsUbAZVKdb7h/70vyYMDYs85lwEI+LngEONe/17A0cFaRFqZU+sOEidcVswYWikYOQ9PPfjlbtQ=="
      },
      "clicklib": {
        "type": "Project",
        "dependencies": {
          "ILRepack": "[2.0.18, )",
          "Reloaded.Memory": "[7.1.0, )"
        }
      },
      "ecommons": {
        "type": "Project"
      }
    }
  }
}